
Microsoft Visual Studio Solution File, Format Version 12.00
# Visual Studio Version 17
VisualStudioVersion = 17.2.32602.215
MinimumVisualStudioVersion = 10.0.40219.1
Project("{9A19103F-16F7-4668-BE54-9A1E7A4F7556}") = "BioReader", "BioReader\BioReader.csproj", "{8CF3FBB9-AB0A-4DDA-AC78-0D8DF395586A}"
EndProject
Project("{9A19103F-16F7-4668-BE54-9A1E7A4F7556}") = "BioReaderTests", "BioReaderTests\BioReaderTests.csproj", "{42134FFA-76EE-4E5A-95AE-8B8BCF2150C7}"
EndProject
Project("{FAE04EC0-301F-11D3-BF4B-00C04F79EFBC}") = "BioReaderCLI", "BioReaderCLI\BioReaderCLI.csproj", "{1441C1B2-00B5-4104-A9F8-D945A3AEA127}"
EndProject
Project("{FAE04EC0-301F-11D3-BF4B-00C04F79EFBC}") = "BioLib", "BioLib\BioLib.csproj", "{34F1E81A-AEA6-419E-92D1-235373A02100}"
EndProject
Global
	GlobalSection(SolutionConfigurationPlatforms) = preSolution
		Debug|Any CPU = Debug|Any CPU
		Release|Any CPU = Release|Any CPU
	EndGlobalSection
	GlobalSection(ProjectConfigurationPlatforms) = postSolution
		{8CF3FBB9-AB0A-4DDA-AC78-0D8DF395586A}.Debug|Any CPU.ActiveCfg = Debug|Any CPU
		{8CF3FBB9-AB0A-4DDA-AC78-0D8DF395586A}.Debug|Any CPU.Build.0 = Debug|Any CPU
		{8CF3FBB9-AB0A-4DDA-AC78-0D8DF395586A}.Release|Any CPU.ActiveCfg = Release|Any CPU
		{8CF3FBB9-AB0A-4DDA-AC78-0D8DF395586A}.Release|Any CPU.Build.0 = Release|Any CPU
		{42134FFA-76EE-4E5A-95AE-8B8BCF2150C7}.Debug|Any CPU.ActiveCfg = Debug|Any CPU
		{42134FFA-76EE-4E5A-95AE-8B8BCF2150C7}.Debug|Any CPU.Build.0 = Debug|Any CPU
		{42134FFA-76EE-4E5A-95AE-8B8BCF2150C7}.Release|Any CPU.ActiveCfg = Release|Any CPU
		{42134FFA-76EE-4E5A-95AE-8B8BCF2150C7}.Release|Any CPU.Build.0 = Release|Any CPU
		{1441C1B2-00B5-4104-A9F8-D945A3AEA127}.Debug|Any CPU.ActiveCfg = Debug|Any CPU
		{1441C1B2-00B5-4104-A9F8-D945A3AEA127}.Debug|Any CPU.Build.0 = Debug|Any CPU
		{1441C1B2-00B5-4104-A9F8-D945A3AEA127}.Release|Any CPU.ActiveCfg = Release|Any CPU
		{1441C1B2-00B5-4104-A9F8-D945A3AEA127}.Release|Any CPU.Build.0 = Release|Any CPU
		{34F1E81A-AEA6-419E-92D1-235373A02100}.Debug|Any CPU.ActiveCfg = Debug|Any CPU
		{34F1E81A-AEA6-419E-92D1-235373A02100}.Debug|Any CPU.Build.0 = Debug|Any CPU
		{34F1E81A-AEA6-419E-92D1-235373A02100}.Release|Any CPU.ActiveCfg = Release|Any CPU
		{34F1E81A-AEA6-419E-92D1-235373A02100}.Release|Any CPU.Build.0 = Release|Any CPU
	EndGlobalSection
	GlobalSection(SolutionProperties) = preSolution
		HideSolutionNode = FALSE
	EndGlobalSection
	GlobalSection(ExtensibilityGlobals) = postSolution
		SolutionGuid = {4A4A86D6-27B9-477B-A2A3-9C1CA29C1842}
	EndGlobalSection
EndGlobal
